// !$*UTF8*$!
{
	archiveVersion = 1;
	classes = {
	};
	objectVersion = 50;
	objects = {

/* Begin PBXBuildFile section */
		BEC612D62522C080005968C4 /* AppDelegate.swift in Sources */ = {isa = PBXBuildFile; fileRef = BEC612D52522C080005968C4 /* AppDelegate.swift */; };
		BEC612D82522C080005968C4 /* SceneDelegate.swift in Sources */ = {isa = PBXBuildFile; fileRef = BEC612D72522C080005968C4 /* SceneDelegate.swift */; };
		BEC612DA2522C080005968C4 /* SearchViewController.swift in Sources */ = {isa = PBXBuildFile; fileRef = BEC612D92522C080005968C4 /* SearchViewController.swift */; };
		BEC612DD2522C080005968C4 /* Main.storyboard in Resources */ = {isa = PBXBuildFile; fileRef = BEC612DB2522C080005968C4 /* Main.storyboard */; };
		BEC612E02522C080005968C4 /* StoreSearch.xcdatamodeld in Sources */ = {isa = PBXBuildFile; fileRef = BEC612DE2522C080005968C4 /* StoreSearch.xcdatamodeld */; };
		BEC612E22522C081005968C4 /* Assets.xcassets in Resources */ = {isa = PBXBuildFile; fileRef = BEC612E12522C081005968C4 /* Assets.xcassets */; };
		BEC612E52522C081005968C4 /* LaunchScreen.storyboard in Resources */ = {isa = PBXBuildFile; fileRef = BEC612E32522C081005968C4 /* LaunchScreen.storyboard */; };
		BEC612F02522C081005968C4 /* StoreSearchTests.swift in Sources */ = {isa = PBXBuildFile; fileRef = BEC612EF2522C081005968C4 /* StoreSearchTests.swift */; };
/* End PBXBuildFile section */

/* Begin PBXContainerItemProxy section */
		BEC612EC2522C081005968C4 /* PBXContainerItemProxy */ = {
			isa = PBXContainerItemProxy;
			containerPortal = BEC612CA2522C080005968C4 /* Project object */;
			proxyType = 1;
			remoteGlobalIDString = BEC612D12522C080005968C4;
			remoteInfo = StoreSearch;
		};
		BEC612F72522C081005968C4 /* PBXContainerItemProxy */ = {
			isa = PBXContainerItemProxy;
			containerPortal = BEC612CA2522C080005968C4 /* Project object */;
			proxyType = 1;
			remoteGlobalIDString = BEC612D12522C080005968C4;
			remoteInfo = StoreSearch;
		};
/* End PBXContainerItemProxy section */

/* Begin PBXFileReference section */
		BEC612D22522C080005968C4 /* StoreSearch.app */ = {isa = PBXFileReference; explicitFileType = wrapper.application; includeInIndex = 0; path = StoreSearch.app; sourceTree = BUILT_PRODUCTS_DIR; };
		BEC612D52522C080005968C4 /* AppDelegate.swift */ = {isa = PBXFileReference; lastKnownFileType = sourcecode.swift; path = AppDelegate.swift; sourceTree = "<group>"; };
		BEC612D72522C080005968C4 /* SceneDelegate.swift */ = {isa = PBXFileReference; lastKnownFileType = sourcecode.swift; path = SceneDelegate.swift; sourceTree = "<group>"; };
		BEC612D92522C080005968C4 /* SearchViewController.swift */ = {isa = PBXFileReference; lastKnownFileType = sourcecode.swift; path = SearchViewController.swift; sourceTree = "<group>"; };
		BEC612DC2522C080005968C4 /* Base */ = {isa = PBXFileReference; lastKnownFileType = file.storyboard; name = Base; path = Base.lproj/Main.storyboard; sourceTree = "<group>"; };
		BEC612DF2522C080005968C4 /* StoreSearch.xcdatamodel */ = {isa = PBXFileReference; lastKnownFileType = wrapper.xcdatamodel; path = StoreSearch.xcdatamodel; sourceTree = "<group>"; };
		BEC612E12522C081005968C4 /* Assets.xcassets */ = {isa = PBXFileReference; lastKnownFileType = folder.assetcatalog; path = Assets.xcassets; sourceTree = "<group>"; };
		BEC612E42522C081005968C4 /* Base */ = {isa = PBXFileReference; lastKnownFileType = file.storyboard; name = Base; path = Base.lproj/LaunchScreen.storyboard; sourceTree = "<group>"; };
		BEC612E62522C081005968C4 /* Info.plist */ = {isa = PBXFileReference; lastKnownFileType = text.plist.xml; path = Info.plist; sourceTree = "<group>"; };
		BEC612EB2522C081005968C4 /* StoreSearchTests.xctest */ = {isa = PBXFileReference; explicitFileType = wrapper.cfbundle; includeInIndex = 0; path = StoreSearchTests.xctest; sourceTree = BUILT_PRODUCTS_DIR; };
		BEC612EF2522C081005968C4 /* StoreSearchTests.swift */ = {isa = PBXFileReference; lastKnownFileType = sourcecode.swift; path = StoreSearchTests.swift; sourceTree = "<group>"; };
		BEC612F12522C081005968C4 /* Info.plist */ = {isa = PBXFileReference; lastKnownFileType = text.plist.xml; path = Info.plist; sourceTree = "<group>"; };
		BEC612F62522C081005968C4 /* StoreSearchUITests.xctest */ = {isa = PBXFileReference; explicitFileType = wrapper.cfbundle; includeInIndex = 0; path = StoreSearchUITests.xctest; sourceTree = BUILT_PRODUCTS_DIR; };
/* End PBXFileReference section */

/* Begin PBXFrameworksBuildPhase section */
		BEC612CF2522C080005968C4 /* Frameworks */ = {
			isa = PBXFrameworksBuildPhase;
			buildActionMask = 2147483647;
			files = (
			);
			runOnlyForDeploymentPostprocessing = 0;
		};
		BEC612E82522C081005968C4 /* Frameworks */ = {
			isa = PBXFrameworksBuildPhase;
			buildActionMask = 2147483647;
			files = (
			);
			runOnlyForDeploymentPostprocessing = 0;
		};
		BEC612F32522C081005968C4 /* Frameworks */ = {
			isa = PBXFrameworksBuildPhase;
			buildActionMask = 2147483647;
			files = (
			);
			runOnlyForDeploymentPostprocessing = 0;
		};
/* End PBXFrameworksBuildPhase section */

/* Begin PBXGroup section */
		BEC612C92522C080005968C4 = {
			isa = PBXGroup;
			children = (
				BEC612D42522C080005968C4 /* StoreSearch */,
				BEC612EE2522C081005968C4 /* StoreSearchTests */,
				BEC612D32522C080005968C4 /* Products */,
			);
			sourceTree = "<group>";
		};
		BEC612D32522C080005968C4 /* Products */ = {
			isa = PBXGroup;
			children = (
				BEC612D22522C080005968C4 /* StoreSearch.app */,
				BEC612EB2522C081005968C4 /* StoreSearchTests.xctest */,
				BEC612F62522C081005968C4 /* StoreSearchUITests.xctest */,
			);
			name = Products;
			sourceTree = "<group>";
		};
		BEC612D42522C080005968C4 /* StoreSearch */ = {
			isa = PBXGroup;
			children = (
				BEC612D52522C080005968C4 /* AppDelegate.swift */,
				BEC612D72522C080005968C4 /* SceneDelegate.swift */,
				BEC612D92522C080005968C4 /* SearchViewController.swift */,
				BEC612DB2522C080005968C4 /* Main.storyboard */,
				BEC612E12522C081005968C4 /* Assets.xcassets */,
				BEC612E32522C081005968C4 /* LaunchScreen.storyboard */,
				BEC612E62522C081005968C4 /* Info.plist */,
				BEC612DE2522C080005968C4 /* StoreSearch.xcdatamodeld */,
			);
			path = StoreSearch;
			sourceTree = "<group>";
		};
		BEC612EE2522C081005968C4 /* StoreSearchTests */ = {
			isa = PBXGroup;
			children = (
				BEC612EF2522C081005968C4 /* StoreSearchTests.swift */,
				BEC612F12522C081005968C4 /* Info.plist */,
			);
			path = StoreSearchTests;
			sourceTree = "<group>";
		};
/* End PBXGroup section */

/* Begin PBXNativeTarget section */
		BEC612D12522C080005968C4 /* StoreSearch */ = {
			isa = PBXNativeTarget;
			buildConfigurationList = BEC612FF2522C081005968C4 /* Build configuration list for PBXNativeTarget "StoreSearch" */;
			buildPhases = (
				BEC612CE2522C080005968C4 /* Sources */,
				BEC612CF2522C080005968C4 /* Frameworks */,
				BEC612D02522C080005968C4 /* Resources */,
			);
			buildRules = (
			);
			dependencies = (
			);
			name = StoreSearch;
			productName = StoreSearch;
			productReference = BEC612D22522C080005968C4 /* StoreSearch.app */;
			productType = "com.apple.product-type.application";
		};
		BEC612EA2522C081005968C4 /* StoreSearchTests */ = {
			isa = PBXNativeTarget;
			buildConfigurationList = BEC613022522C081005968C4 /* Build configuration list for PBXNativeTarget "StoreSearchTests" */;
			buildPhases = (
				BEC612E72522C081005968C4 /* Sources */,
				BEC612E82522C081005968C4 /* Frameworks */,
				BEC612E92522C081005968C4 /* Resources */,
			);
			buildRules = (
			);
			dependencies = (
				BEC612ED2522C081005968C4 /* PBXTargetDependency */,
			);
			name = StoreSearchTests;
			productName = StoreSearchTests;
			productReference = BEC612EB2522C081005968C4 /* StoreSearchTests.xctest */;
			productType = "com.apple.product-type.bundle.unit-test";
		};
		BEC612F52522C081005968C4 /* StoreSearchUITests */ = {
			isa = PBXNativeTarget;
			buildConfigurationList = BEC613052522C081005968C4 /* Build configuration list for PBXNativeTarget "StoreSearchUITests" */;
			buildPhases = (
				BEC612F22522C081005968C4 /* Sources */,
				BEC612F32522C081005968C4 /* Frameworks */,
				BEC612F42522C081005968C4 /* Resources */,
			);
			buildRules = (
			);
			dependencies = (
				BEC612F82522C081005968C4 /* PBXTargetDependency */,
			);
			name = StoreSearchUITests;
			productName = StoreSearchUITests;
			productReference = BEC612F62522C081005968C4 /* StoreSearchUITests.xctest */;
			productType = "com.apple.product-type.bundle.ui-testing";
		};
/* End PBXNativeTarget section */

/* Begin PBXProject section */
		BEC612CA2522C080005968C4 /* Project object */ = {
			isa = PBXProject;
			attributes = {
				LastSwiftUpdateCheck = 1200;
				LastUpgradeCheck = 1200;
				TargetAttributes = {
					BEC612D12522C080005968C4 = {
						CreatedOnToolsVersion = 12.0;
					};
					BEC612EA2522C081005968C4 = {
						CreatedOnToolsVersion = 12.0;
						TestTargetID = BEC612D12522C080005968C4;
					};
					BEC612F52522C081005968C4 = {
						CreatedOnToolsVersion = 12.0;
						TestTargetID = BEC612D12522C080005968C4;
					};
				};
			};
			buildConfigurationList = BEC612CD2522C080005968C4 /* Build configuration list for PBXProject "StoreSearch" */;
			compatibilityVersion = "Xcode 9.3";
			developmentRegion = en;
			hasScannedForEncodings = 0;
			knownRegions = (
				en,
				Base,
			);
			mainGroup = BEC612C92522C080005968C4;
			productRefGroup = BEC612D32522C080005968C4 /* Products */;
			projectDirPath = "";
			projectRoot = "";
			targets = (
				BEC612D12522C080005968C4 /* StoreSearch */,
				BEC612EA2522C081005968C4 /* StoreSearchTests */,
				BEC612F52522C081005968C4 /* StoreSearchUITests */,
			);
		};
/* End PBXProject section */

/* Begin PBXResourcesBuildPhase section */
		BEC612D02522C080005968C4 /* Resources */ = {
			isa = PBXResourcesBuildPhase;
			buildActionMask = 2147483647;
			files = (
				BEC612E52522C081005968C4 /* LaunchScreen.storyboard in Resources */,
				BEC612E22522C081005968C4 /* Assets.xcassets in Resources */,
				BEC612DD2522C080005968C4 /* Main.storyboard in Resources */,
			);
			runOnlyForDeploymentPostprocessing = 0;
		};
		BEC612E92522C081005968C4 /* Resources */ = {
			isa = PBXResourcesBuildPhase;
			buildActionMask = 2147483647;
			files = (
			);
			runOnlyForDeploymentPostprocessing = 0;
		};
		BEC612F42522C081005968C4 /* Resources */ = {
			isa = PBXResourcesBuildPhase;
			buildActionMask = 2147483647;
			files = (
			);
			runOnlyForDeploymentPostprocessing = 0;
		};
/* End PBXResourcesBuildPhase section */

/* Begin PBXSourcesBuildPhase section */
		BEC612CE2522C080005968C4 /* Sources */ = {
			isa = PBXSourcesBuildPhase;
			buildActionMask = 2147483647;
			files = (
				BEC612DA2522C080005968C4 /* SearchViewController.swift in Sources */,
				BEC612D62522C080005968C4 /* AppDelegate.swift in Sources */,
				BEC612D82522C080005968C4 /* SceneDelegate.swift in Sources */,
				BEC612E02522C080005968C4 /* StoreSearch.xcdatamodeld in Sources */,
			);
			runOnlyForDeploymentPostprocessing = 0;
		};
		BEC612E72522C081005968C4 /* Sources */ = {
			isa = PBXSourcesBuildPhase;
			buildActionMask = 2147483647;
			files = (
				BEC612F02522C081005968C4 /* StoreSearchTests.swift in Sources */,
			);
			runOnlyForDeploymentPostprocessing = 0;
		};
		BEC612F22522C081005968C4 /* Sources */ = {
			isa = PBXSourcesBuildPhase;
			buildActionMask = 2147483647;
			files = (
			);
			runOnlyForDeploymentPostprocessing = 0;
		};
/* End PBXSourcesBuildPhase section */

/* Begin PBXTargetDependency section */
		BEC612ED2522C081005968C4 /* PBXTargetDependency */ = {
			isa = PBXTargetDependency;
			target = BEC612D12522C080005968C4 /* StoreSearch */;
			targetProxy = BEC612EC2522C081005968C4 /* PBXContainerItemProxy */;
		};
		BEC612F82522C081005968C4 /* PBXTargetDependency */ = {
			isa = PBXTargetDependency;
			target = BEC612D12522C080005968C4 /* StoreSearch */;
			targetProxy = BEC612F72522C081005968C4 /* PBXContainerItemProxy */;
		};
/* End PBXTargetDependency section */

/* Begin PBXVariantGroup section */
		BEC612DB2522C080005968C4 /* Main.storyboard */ = {
			isa = PBXVariantGroup;
			children = (
				BEC612DC2522C080005968C4 /* Base */,
			);
			name = Main.storyboard;
			sourceTree = "<group>";
		};
		BEC612E32522C081005968C4 /* LaunchScreen.storyboard */ = {
			isa = PBXVariantGroup;
			children = (
				BEC612E42522C081005968C4 /* Base */,
			);
			name = LaunchScreen.storyboard;
			sourceTree = "<group>";
		};
/* End PBXVariantGroup section */

/* Begin XCBuildConfiguration section */
		BEC612FD2522C081005968C4 /* Debug */ = {
			isa = XCBuildConfiguration;
			buildSettings = {
				ALWAYS_SEARCH_USER_PATHS = NO;
				CLANG_ANALYZER_NONNULL = YES;
				CLANG_ANALYZER_NUMBER_OBJECT_CONVERSION = YES_AGGRESSIVE;
				CLANG_CXX_LANGUAGE_STANDARD = "gnu++14";
				CLANG_CXX_LIBRARY = "libc++";
				CLANG_ENABLE_MODULES = YES;
				CLANG_ENABLE_OBJC_ARC = YES;
				CLANG_ENABLE_OBJC_WEAK = YES;
				CLANG_WARN_BLOCK_CAPTURE_AUTORELEASING = YES;
				CLANG_WARN_BOOL_CONVERSION = YES;
				CLANG_WARN_COMMA = YES;
				CLANG_WARN_CONSTANT_CONVERSION = YES;
				CLANG_WARN_DEPRECATED_OBJC_IMPLEMENTATIONS = YES;
				CLANG_WARN_DIRECT_OBJC_ISA_USAGE = YES_ERROR;
				CLANG_WARN_DOCUMENTATION_COMMENTS = YES;
				CLANG_WARN_EMPTY_BODY = YES;
				CLANG_WARN_ENUM_CONVERSION = YES;
				CLANG_WARN_INFINITE_RECURSION = YES;
				CLANG_WARN_INT_CONVERSION = YES;
				CLANG_WARN_NON_LITERAL_NULL_CONVERSION = YES;
				CLANG_WARN_OBJC_IMPLICIT_RETAIN_SELF = YES;
				CLANG_WARN_OBJC_LITERAL_CONVERSION = YES;
				CLANG_WARN_OBJC_ROOT_CLASS = YES_ERROR;
				CLANG_WARN_QUOTED_INCLUDE_IN_FRAMEWORK_HEADER = YES;
				CLANG_WARN_RANGE_LOOP_ANALYSIS = YES;
				CLANG_WARN_STRICT_PROTOTYPES = YES;
				CLANG_WARN_SUSPICIOUS_MOVE = YES;
				CLANG_WARN_UNGUARDED_AVAILABILITY = YES_AGGRESSIVE;
				CLANG_WARN_UNREACHABLE_CODE = YES;
				CLANG_WARN__DUPLICATE_METHOD_MATCH = YES;
				COPY_PHASE_STRIP = NO;
				DEBUG_INFORMATION_FORMAT = dwarf;
				ENABLE_STRICT_OBJC_MSGSEND = YES;
				ENABLE_TESTABILITY = YES;
				GCC_C_LANGUAGE_STANDARD = gnu11;
				GCC_DYNAMIC_NO_PIC = NO;
				GCC_NO_COMMON_BLOCKS = YES;
				GCC_OPTIMIZATION_LEVEL = 0;
				GCC_PREPROCESSOR_DEFINITIONS = (
					"DEBUG=1",
					"$(inherited)",
				);
				GCC_WARN_64_TO_32_BIT_CONVERSION = YES;
				GCC_WARN_ABOUT_RETURN_TYPE = YES_ERROR;
				GCC_WARN_UNDECLARED_SELECTOR = YES;
				GCC_WARN_UNINITIALIZED_AUTOS = YES_AGGRESSIVE;
				GCC_WARN_UNUSED_FUNCTION = YES;
				GCC_WARN_UNUSED_VARIABLE = YES;
				IPHONEOS_DEPLOYMENT_TARGET = 14.0;
				MTL_ENABLE_DEBUG_INFO = INCLUDE_SOURCE;
				MTL_FAST_MATH = YES;
				ONLY_ACTIVE_ARCH = YES;
				SDKROOT = iphoneos;
				SWIFT_ACTIVE_COMPILATION_CONDITIONS = DEBUG;
				SWIFT_OPTIMIZATION_LEVEL = "-Onone";
			};
			name = Debug;
		};
		BEC612FE2522C081005968C4 /* Release */ = {
			isa = XCBuildConfiguration;
			buildSettings = {
				ALWAYS_SEARCH_USER_PATHS = NO;
				CLANG_ANALYZER_NONNULL = YES;
				CLANG_ANALYZER_NUMBER_OBJECT_CONVERSION = YES_AGGRESSIVE;
				CLANG_CXX_LANGUAGE_STANDARD = "gnu++14";
				CLANG_CXX_LIBRARY = "libc++";
				CLANG_ENABLE_MODULES = YES;
				CLANG_ENABLE_OBJC_ARC = YES;
				CLANG_ENABLE_OBJC_WEAK = YES;
				CLANG_WARN_BLOCK_CAPTURE_AUTORELEASING = YES;
				CLANG_WARN_BOOL_CONVERSION = YES;
				CLANG_WARN_COMMA = YES;
				CLANG_WARN_CONSTANT_CONVERSION = YES;
				CLANG_WARN_DEPRECATED_OBJC_IMPLEMENTATIONS = YES;
				CLANG_WARN_DIRECT_OBJC_ISA_USAGE = YES_ERROR;
				CLANG_WARN_DOCUMENTATION_COMMENTS = YES;
				CLANG_WARN_EMPTY_BODY = YES;
				CLANG_WARN_ENUM_CONVERSION = YES;
				CLANG_WARN_INFINITE_RECURSION = YES;
				CLANG_WARN_INT_CONVERSION = YES;
				CLANG_WARN_NON_LITERAL_NULL_CONVERSION = YES;
				CLANG_WARN_OBJC_IMPLICIT_RETAIN_SELF = YES;
				CLANG_WARN_OBJC_LITERAL_CONVERSION = YES;
				CLANG_WARN_OBJC_ROOT_CLASS = YES_ERROR;
				CLANG_WARN_QUOTED_INCLUDE_IN_FRAMEWORK_HEADER = YES;
				CLANG_WARN_RANGE_LOOP_ANALYSIS = YES;
				CLANG_WARN_STRICT_PROTOTYPES = YES;
				CLANG_WARN_SUSPICIOUS_MOVE = YES;
				CLANG_WARN_UNGUARDED_AVAILABILITY = YES_AGGRESSIVE;
				CLANG_WARN_UNREACHABLE_CODE = YES;
				CLANG_WARN__DUPLICATE_METHOD_MATCH = YES;
				COPY_PHASE_STRIP = NO;
				DEBUG_INFORMATION_FORMAT = "dwarf-with-dsym";
				ENABLE_NS_ASSERTIONS = NO;
				ENABLE_STRICT_OBJC_MSGSEND = YES;
				GCC_C_LANGUAGE_STANDARD = gnu11;
				GCC_NO_COMMON_BLOCKS = YES;
				GCC_WARN_64_TO_32_BIT_CONVERSION = YES;
				GCC_WARN_ABOUT_RETURN_TYPE = YES_ERROR;
				GCC_WARN_UNDECLARED_SELECTOR = YES;
				GCC_WARN_UNINITIALIZED_AUTOS = YES_AGGRESSIVE;
				GCC_WARN_UNUSED_FUNCTION = YES;
				GCC_WARN_UNUSED_VARIABLE = YES;
				IPHONEOS_DEPLOYMENT_TARGET = 14.0;
				MTL_ENABLE_DEBUG_INFO = NO;
				MTL_FAST_MATH = YES;
				SDKROOT = iphoneos;
				SWIFT_COMPILATION_MODE = wholemodule;
				SWIFT_OPTIMIZATION_LEVEL = "-O";
				VALIDATE_PRODUCT = YES;
			};
			name = Release;
		};
		BEC613002522C081005968C4 /* Debug */ = {
			isa = XCBuildConfiguration;
			buildSettings = {
				ASSETCATALOG_COMPILER_APPICON_NAME = AppIcon;
				ASSETCATALOG_COMPILER_GLOBAL_ACCENT_COLOR_NAME = AccentColor;
				CODE_SIGN_STYLE = Automatic;
				DEVELOPMENT_TEAM = VLQV2FA9D8;
				INFOPLIST_FILE = StoreSearch/Info.plist;
				LD_RUNPATH_SEARCH_PATHS = (
					"$(inherited)",
					"@executable_path/Frameworks",
				);
				PRODUCT_BUNDLE_IDENTIFIER = comTahliaCallegari.StoreSearch;
				PRODUCT_NAME = "$(TARGET_NAME)";
				SWIFT_VERSION = 5.0;
				TARGETED_DEVICE_FAMILY = "1,2";
			};
			name = Debug;
		};
		BEC613012522C081005968C4 /* Release */ = {
			isa = XCBuildConfiguration;
			buildSettings = {
				ASSETCATALOG_COMPILER_APPICON_NAME = AppIcon;
				ASSETCATALOG_COMPILER_GLOBAL_ACCENT_COLOR_NAME = AccentColor;
				CODE_SIGN_STYLE = Automatic;
				DEVELOPMENT_TEAM = VLQV2FA9D8;
				INFOPLIST_FILE = StoreSearch/Info.plist;
				LD_RUNPATH_SEARCH_PATHS = (
					"$(inherited)",
					"@executable_path/Frameworks",
				);
				PRODUCT_BUNDLE_IDENTIFIER = comTahliaCallegari.StoreSearch;
				PRODUCT_NAME = "$(TARGET_NAME)";
				SWIFT_VERSION = 5.0;
				TARGETED_DEVICE_FAMILY = "1,2";
			};
			name = Release;
		};
		BEC613032522C081005968C4 /* Debug */ = {
			isa = XCBuildConfiguration;
			buildSettings = {
				ALWAYS_EMBED_SWIFT_STANDARD_LIBRARIES = YES;
				BUNDLE_LOADER = "$(TEST_HOST)";
				CODE_SIGN_STYLE = Automatic;
				DEVELOPMENT_TEAM = VLQV2FA9D8;
				INFOPLIST_FILE = StoreSearchTests/Info.plist;
				IPHONEOS_DEPLOYMENT_TARGET = 14.0;
				LD_RUNPATH_SEARCH_PATHS = (
					"$(inherited)",
					"@executable_path/Frameworks",
					"@loader_path/Frameworks",
				);
				PRODUCT_BUNDLE_IDENTIFIER = comTahliaCallegari.StoreSearchTests;
				PRODUCT_NAME = "$(TARGET_NAME)";
				SWIFT_VERSION = 5.0;
				TARGETED_DEVICE_FAMILY = "1,2";
				TEST_HOST = "$(BUILT_PRODUCTS_DIR)/StoreSearch.app/StoreSearch";
			};
			name = Debug;
		};
		BEC613042522C081005968C4 /* Release */ = {
			isa = XCBuildConfiguration;
			buildSettings = {
				ALWAYS_EMBED_SWIFT_STANDARD_LIBRARIES = YES;
				BUNDLE_LOADER = "$(TEST_HOST)";
				CODE_SIGN_STYLE = Automatic;
				DEVELOPMENT_TEAM = VLQV2FA9D8;
				INFOPLIST_FILE = StoreSearchTests/Info.plist;
				IPHONEOS_DEPLOYMENT_TARGET = 14.0;
				LD_RUNPATH_SEARCH_PATHS = (
					"$(inherited)",
					"@executable_path/Frameworks",
					"@loader_path/Frameworks",
				);
				PRODUCT_BUNDLE_IDENTIFIER = comTahliaCallegari.StoreSearchTests;
				PRODUCT_NAME = "$(TARGET_NAME)";
				SWIFT_VERSION = 5.0;
				TARGETED_DEVICE_FAMILY = "1,2";
				TEST_HOST = "$(BUILT_PRODUCTS_DIR)/StoreSearch.app/StoreSearch";
			};
			name = Release;
		};
		BEC613062522C081005968C4 /* Debug */ = {
			isa = XCBuildConfiguration;
			buildSettings = {
				ALWAYS_EMBED_SWIFT_STANDARD_LIBRARIES = YES;
				CODE_SIGN_STYLE = Automatic;
				DEVELOPMENT_TEAM = VLQV2FA9D8;
				INFOPLIST_FILE = StoreSearchUITests/Info.plist;
				LD_RUNPATH_SEARCH_PATHS = (
					"$(inherited)",
					"@executable_path/Frameworks",
					"@loader_path/Frameworks",
				);
				PRODUCT_BUNDLE_IDENTIFIER = comTahliaCallegari.StoreSearchUITests;
				PRODUCT_NAME = "$(TARGET_NAME)";
				SWIFT_VERSION = 5.0;
				TARGETED_DEVICE_FAMILY = "1,2";
				TEST_TARGET_NAME = StoreSearch;
			};
			name = Debug;
		};
		BEC613072522C081005968C4 /* Release */ = {
			isa = XCBuildConfiguration;
			buildSettings = {
				ALWAYS_EMBED_SWIFT_STANDARD_LIBRARIES = YES;
				CODE_SIGN_STYLE = Automatic;
				DEVELOPMENT_TEAM = VLQV2FA9D8;
				INFOPLIST_FILE = StoreSearchUITests/Info.plist;
				LD_RUNPATH_SEARCH_PATHS = (
					"$(inherited)",
					"@executable_path/Frameworks",
					"@loader_path/Frameworks",
				);
				PRODUCT_BUNDLE_IDENTIFIER = comTahliaCallegari.StoreSearchUITests;
				PRODUCT_NAME = "$(TARGET_NAME)";
				SWIFT_VERSION = 5.0;
				TARGETED_DEVICE_FAMILY = "1,2";
				TEST_TARGET_NAME = StoreSearch;
			};
			name = Release;
		};
/* End XCBuildConfiguration section */

/* Begin XCConfigurationList section */
		BEC612CD2522C080005968C4 /* Build configuration list for PBXProject "StoreSearch" */ = {
			isa = XCConfigurationList;
			buildConfigurations = (
				BEC612FD2522C081005968C4 /* Debug */,
				BEC612FE2522C081005968C4 /* Release */,
			);
			defaultConfigurationIsVisible = 0;
			defaultConfigurationName = Release;
		};
		BEC612FF2522C081005968C4 /* Build configuration list for PBXNativeTarget "StoreSearch" */ = {
			isa = XCConfigurationList;
			buildConfigurations = (
				BEC613002522C081005968C4 /* Debug */,
				BEC613012522C081005968C4 /* Release */,
			);
			defaultConfigurationIsVisible = 0;
			defaultConfigurationName = Release;
		};
		BEC613022522C081005968C4 /* Build configuration list for PBXNativeTarget "StoreSearchTests" */ = {
			isa = XCConfigurationList;
			buildConfigurations = (
				BEC613032522C081005968C4 /* Debug */,
				BEC613042522C081005968C4 /* Release */,
			);
			defaultConfigurationIsVisible = 0;
			defaultConfigurationName = Release;
		};
		BEC613052522C081005968C4 /* Build configuration list for PBXNativeTarget "StoreSearchUITests" */ = {
			isa = XCConfigurationList;
			buildConfigurations = (
				BEC613062522C081005968C4 /* Debug */,
				BEC613072522C081005968C4 /* Release */,
			);
			defaultConfigurationIsVisible = 0;
			defaultConfigurationName = Release;
		};
/* End XCConfigurationList section */

/* Begin XCVersionGroup section */
		BEC612DE2522C080005968C4 /* StoreSearch.xcdatamodeld */ = {
			isa = XCVersionGroup;
			children = (
				BEC612DF2522C080005968C4 /* StoreSearch.xcdatamodel */,
			);
			currentVersion = BEC612DF2522C080005968C4 /* StoreSearch.xcdatamodel */;
			path = StoreSearch.xcdatamodeld;
			sourceTree = "<group>";
			versionGroupType = wrapper.xcdatamodel;
		};
/* End XCVersionGroup section */
	};
	rootObject = BEC612CA2522C080005968C4 /* Project object */;
}
